
Microsoft Visual Studio Solution File, Format Version 12.00
# Visual Studio Version 16
VisualStudioVersion = 16.0.30128.74
MinimumVisualStudioVersion = 10.0.40219.1
Project("{FAE04EC0-301F-11D3-BF4B-00C04F79EFBC}") = "HttpRequestDemo", "HttpRequestDemo.csproj", "{2A393406-C847-423C-A64D-52FB6AA3A482}"
EndProject
Global
	GlobalSection(SolutionConfigurationPlatforms) = preSolution
		Debug|Any CPU = Debug|Any CPU
		Release|Any CPU = Release|Any CPU
	EndGlobalSection
	GlobalSection(ProjectConfigurationPlatforms) = postSolution
		{2A393406-C847-423C-A64D-52FB6AA3A482}.Debug|Any CPU.ActiveCfg = Debug|Any CPU
		{2A393406-C847-423C-A64D-52FB6AA3A482}.Debug|Any CPU.Build.0 = Debug|Any CPU
		{2A393406-C847-423C-A64D-52FB6AA3A482}.Release|Any CPU.ActiveCfg = Release|Any CPU
		{2A393406-C847-423C-A64D-52FB6AA3A482}.Release|Any CPU.Build.0 = Release|Any CPU
	EndGlobalSection
	GlobalSection(SolutionProperties) = preSolution
		HideSolutionNode = FALSE
	EndGlobalSection
	GlobalSection(ExtensibilityGlobals) = postSolution
		SolutionGuid = {C9D5D451-A1E2-48DD-BA86-515735EBD0D3}
	EndGlobalSection
EndGlobal
